
Microsoft Visual Studio Solution File, Format Version 12.00
# Visual Studio Version 17
VisualStudioVersion = 17.4.33213.308
MinimumVisualStudioVersion = 10.0.40219.1
Project("{8BC9CEB8-8B4A-11D0-8D11-00A0C91BC942}") = "VC++TestGround", "VC++TestGround\VC++TestGround.vcxproj", "{5FB09B10-E197-4BA1-AE41-CBA204E5F474}"
EndProject
Project("{8BC9CEB8-8B4A-11D0-8D11-00A0C91BC942}") = "c", "c\c.vcxproj", "{528E95B9-DF78-42E9-ABF0-2426C835AAE1}"
EndProject
Project("{8BC9CEB8-8B4A-11D0-8D11-00A0C91BC942}") = "4-5", "4-5\4-5.vcxproj", "{BD701048-3DD2-4992-811A-820CFE20BCB4}"
EndProject
Project("{8BC9CEB8-8B4A-11D0-8D11-00A0C91BC942}") = "4-4", "4-4\4-4.vcxproj", "{6F34CA28-6045-4A68-93B6-5FA932D459CF}"
EndProject
Project("{8BC9CEB8-8B4A-11D0-8D11-00A0C91BC942}") = "4-3", "4-3\4-3.vcxproj", "{F1D5240B-6D46-4516-AA55-23F13195C917}"
EndProject
Project("{8BC9CEB8-8B4A-11D0-8D11-00A0C91BC942}") = "4-2", "4-2\4-2.vcxproj", "{05DD9352-2F9A-41E4-9876-5F540BC4978C}"
EndProject
Project("{8BC9CEB8-8B4A-11D0-8D11-00A0C91BC942}") = "4-1", "4-1\4-1.vcxproj", "{1EAFA147-F719-41BD-A796-9B061131101C}"
EndProject
Project("{8BC9CEB8-8B4A-11D0-8D11-00A0C91BC942}") = "5-1", "5-1\5-1.vcxproj", "{A4A0BAAF-41C4-43E4-AA0B-84942FCFC92A}"
EndProject
Project("{8BC9CEB8-8B4A-11D0-8D11-00A0C91BC942}") = "5-3", "5-3\5-3.vcxproj", "{0E8E2832-6646-4F49-9FE3-6EC80FD55110}"
EndProject
Project("{8BC9CEB8-8B4A-11D0-8D11-00A0C91BC942}") = "5-4", "5-4\5-4.vcxproj", "{9F644BE2-41F1-491B-98C7-02E9F7A77277}"
EndProject
Project("{8BC9CEB8-8B4A-11D0-8D11-00A0C91BC942}") = "5-2", "5-2\5-2.vcxproj", "{844F12AA-ECFE-4E8E-9FFC-ABBF805C79D3}"
EndProject
Project("{8BC9CEB8-8B4A-11D0-8D11-00A0C91BC942}") = "concept_test", "concept_test\concept_test.vcxproj", "{487E87A4-5478-4F88-A37C-375BD204B817}"
EndProject
Project("{8BC9CEB8-8B4A-11D0-8D11-00A0C91BC942}") = "7-8-4", "7-8-4\7-8-4.vcxproj", "{6DA5C1F6-AE0E-437C-BD77-B4FB044B94B7}"
EndProject
Project("{8BC9CEB8-8B4A-11D0-8D11-00A0C91BC942}") = "7-1", "7-1\7-1.vcxproj", "{492DB6A0-75D2-40EA-AE2E-BFA2822F2FD5}"
EndProject
Project("{8BC9CEB8-8B4A-11D0-8D11-00A0C91BC942}") = "7-2", "7-2\7-2.vcxproj", "{186B0473-3299-4946-B220-7B6365A3F67B}"
EndProject
Project("{8BC9CEB8-8B4A-11D0-8D11-00A0C91BC942}") = "8-1", "8-1\8-1.vcxproj", "{472BED61-9B76-4814-9AA8-0F5CA037D982}"
EndProject
Project("{8BC9CEB8-8B4A-11D0-8D11-00A0C91BC942}") = "ranges-test", "ranges-test\ranges-test.vcxproj", "{F8FEC3BC-7895-4913-A195-64144E9DE811}"
EndProject
Project("{8BC9CEB8-8B4A-11D0-8D11-00A0C91BC942}") = "temp", "temp\temp.vcxproj", "{E6ADFB97-91D8-4F36-A558-8E73343B7D85}"
EndProject
Project("{8BC9CEB8-8B4A-11D0-8D11-00A0C91BC942}") = "ispalindrome", "stack\stack.vcxproj", "{47A8D84B-88EE-4127-8A4F-21CB90AD3B6D}"
EndProject
Project("{8BC9CEB8-8B4A-11D0-8D11-00A0C91BC942}") = "栈和队列算法作业1", "栈和队列算法作业\栈和队列算法作业.vcxproj", "{1E9B724C-E6C3-4F26-A1FA-D604A0A706FF}"
EndProject
Project("{8BC9CEB8-8B4A-11D0-8D11-00A0C91BC942}") = "栈和队列算法作业2", "栈和队列算法作业2\栈和队列算法作业2.vcxproj", "{63354921-1F82-43DF-9EEC-27B8A36F62AB}"
EndProject
Project("{8BC9CEB8-8B4A-11D0-8D11-00A0C91BC942}") = "BinTreeExam(BinSortingTree)", "BinTreeExam\BinTreeExam.vcxproj", "{FFF56595-E719-462D-9759-9DC85F2B4536}"
EndProject
Project("{8BC9CEB8-8B4A-11D0-8D11-00A0C91BC942}") = "BinTreeExam-NoneBST", "BinTreeExam-NoneBST\BinTreeExam-NoneBST.vcxproj", "{201FB546-60C7-48D1-B645-4C0D28D23934}"
EndProject
Project("{8BC9CEB8-8B4A-11D0-8D11-00A0C91BC942}") = "ArrayQueueTest", "ArrayQueueTest\ArrayQueueTest.vcxproj", "{5699DC8F-2E53-425D-846D-41FEAB45FFD1}"
EndProject
Global
	GlobalSection(SolutionConfigurationPlatforms) = preSolution
		Debug|x64 = Debug|x64
		Debug|x86 = Debug|x86
		Release|x64 = Release|x64
		Release|x86 = Release|x86
	EndGlobalSection
	GlobalSection(ProjectConfigurationPlatforms) = postSolution
		{5FB09B10-E197-4BA1-AE41-CBA204E5F474}.Debug|x64.ActiveCfg = Debug|x64
		{5FB09B10-E197-4BA1-AE41-CBA204E5F474}.Debug|x64.Build.0 = Debug|x64
		{5FB09B10-E197-4BA1-AE41-CBA204E5F474}.Debug|x86.ActiveCfg = Debug|Win32
		{5FB09B10-E197-4BA1-AE41-CBA204E5F474}.Debug|x86.Build.0 = Debug|Win32
		{5FB09B10-E197-4BA1-AE41-CBA204E5F474}.Release|x64.ActiveCfg = Release|x64
		{5FB09B10-E197-4BA1-AE41-CBA204E5F474}.Release|x64.Build.0 = Release|x64
		{5FB09B10-E197-4BA1-AE41-CBA204E5F474}.Release|x86.ActiveCfg = Release|Win32
		{5FB09B10-E197-4BA1-AE41-CBA204E5F474}.Release|x86.Build.0 = Release|Win32
		{528E95B9-DF78-42E9-ABF0-2426C835AAE1}.Debug|x64.ActiveCfg = Debug|x64
		{528E95B9-DF78-42E9-ABF0-2426C835AAE1}.Debug|x64.Build.0 = Debug|x64
		{528E95B9-DF78-42E9-ABF0-2426C835AAE1}.Debug|x86.ActiveCfg = Debug|Win32
		{528E95B9-DF78-42E9-ABF0-2426C835AAE1}.Debug|x86.Build.0 = Debug|Win32
		{528E95B9-DF78-42E9-ABF0-2426C835AAE1}.Release|x64.ActiveCfg = Release|x64
		{528E95B9-DF78-42E9-ABF0-2426C835AAE1}.Release|x64.Build.0 = Release|x64
		{528E95B9-DF78-42E9-ABF0-2426C835AAE1}.Release|x86.ActiveCfg = Release|Win32
		{528E95B9-DF78-42E9-ABF0-2426C835AAE1}.Release|x86.Build.0 = Release|Win32
		{BD701048-3DD2-4992-811A-820CFE20BCB4}.Debug|x64.ActiveCfg = Debug|x64
		{BD701048-3DD2-4992-811A-820CFE20BCB4}.Debug|x64.Build.0 = Debug|x64
		{BD701048-3DD2-4992-811A-820CFE20BCB4}.Debug|x86.ActiveCfg = Debug|Win32
		{BD701048-3DD2-4992-811A-820CFE20BCB4}.Debug|x86.Build.0 = Debug|Win32
		{BD701048-3DD2-4992-811A-820CFE20BCB4}.Release|x64.ActiveCfg = Release|x64
		{BD701048-3DD2-4992-811A-820CFE20BCB4}.Release|x64.Build.0 = Release|x64
		{BD701048-3DD2-4992-811A-820CFE20BCB4}.Release|x86.ActiveCfg = Release|Win32
		{BD701048-3DD2-4992-811A-820CFE20BCB4}.Release|x86.Build.0 = Release|Win32
		{6F34CA28-6045-4A68-93B6-5FA932D459CF}.Debug|x64.ActiveCfg = Debug|x64
		{6F34CA28-6045-4A68-93B6-5FA932D459CF}.Debug|x64.Build.0 = Debug|x64
		{6F34CA28-6045-4A68-93B6-5FA932D459CF}.Debug|x86.ActiveCfg = Debug|Win32
		{6F34CA28-6045-4A68-93B6-5FA932D459CF}.Debug|x86.Build.0 = Debug|Win32
		{6F34CA28-6045-4A68-93B6-5FA932D459CF}.Release|x64.ActiveCfg = Release|x64
		{6F34CA28-6045-4A68-93B6-5FA932D459CF}.Release|x64.Build.0 = Release|x64
		{6F34CA28-6045-4A68-93B6-5FA932D459CF}.Release|x86.ActiveCfg = Release|Win32
		{6F34CA28-6045-4A68-93B6-5FA932D459CF}.Release|x86.Build.0 = Release|Win32
		{F1D5240B-6D46-4516-AA55-23F13195C917}.Debug|x64.ActiveCfg = Debug|x64
		{F1D5240B-6D46-4516-AA55-23F13195C917}.Debug|x64.Build.0 = Debug|x64
		{F1D5240B-6D46-4516-AA55-23F13195C917}.Debug|x86.ActiveCfg = Debug|Win32
		{F1D5240B-6D46-4516-AA55-23F13195C917}.Debug|x86.Build.0 = Debug|Win32
		{F1D5240B-6D46-4516-AA55-23F13195C917}.Release|x64.ActiveCfg = Release|x64
		{F1D5240B-6D46-4516-AA55-23F13195C917}.Release|x64.Build.0 = Release|x64
		{F1D5240B-6D46-4516-AA55-23F13195C917}.Release|x86.ActiveCfg = Release|Win32
		{F1D5240B-6D46-4516-AA55-23F13195C917}.Release|x86.Build.0 = Release|Win32
		{05DD9352-2F9A-41E4-9876-5F540BC4978C}.Debug|x64.ActiveCfg = Debug|x64
		{05DD9352-2F9A-41E4-9876-5F540BC4978C}.Debug|x64.Build.0 = Debug|x64
		{05DD9352-2F9A-41E4-9876-5F540BC4978C}.Debug|x86.ActiveCfg = Debug|Win32
		{05DD9352-2F9A-41E4-9876-5F540BC4978C}.Debug|x86.Build.0 = Debug|Win32
		{05DD9352-2F9A-41E4-9876-5F540BC4978C}.Release|x64.ActiveCfg = Release|x64
		{05DD9352-2F9A-41E4-9876-5F540BC4978C}.Release|x64.Build.0 = Release|x64
		{05DD9352-2F9A-41E4-9876-5F540BC4978C}.Release|x86.ActiveCfg = Release|Win32
		{05DD9352-2F9A-41E4-9876-5F540BC4978C}.Release|x86.Build.0 = Release|Win32
		{1EAFA147-F719-41BD-A796-9B061131101C}.Debug|x64.ActiveCfg = Debug|x64
		{1EAFA147-F719-41BD-A796-9B061131101C}.Debug|x64.Build.0 = Debug|x64
		{1EAFA147-F719-41BD-A796-9B061131101C}.Debug|x86.ActiveCfg = Debug|Win32
		{1EAFA147-F719-41BD-A796-9B061131101C}.Debug|x86.Build.0 = Debug|Win32
		{1EAFA147-F719-41BD-A796-9B061131101C}.Release|x64.ActiveCfg = Release|x64
		{1EAFA147-F719-41BD-A796-9B061131101C}.Release|x64.Build.0 = Release|x64
		{1EAFA147-F719-41BD-A796-9B061131101C}.Release|x86.ActiveCfg = Release|Win32
		{1EAFA147-F719-41BD-A796-9B061131101C}.Release|x86.Build.0 = Release|Win32
		{A4A0BAAF-41C4-43E4-AA0B-84942FCFC92A}.Debug|x64.ActiveCfg = Debug|x64
		{A4A0BAAF-41C4-43E4-AA0B-84942FCFC92A}.Debug|x64.Build.0 = Debug|x64
		{A4A0BAAF-41C4-43E4-AA0B-84942FCFC92A}.Debug|x86.ActiveCfg = Debug|Win32
		{A4A0BAAF-41C4-43E4-AA0B-84942FCFC92A}.Debug|x86.Build.0 = Debug|Win32
		{A4A0BAAF-41C4-43E4-AA0B-84942FCFC92A}.Release|x64.ActiveCfg = Release|x64
		{A4A0BAAF-41C4-43E4-AA0B-84942FCFC92A}.Release|x64.Build.0 = Release|x64
		{A4A0BAAF-41C4-43E4-AA0B-84942FCFC92A}.Release|x86.ActiveCfg = Release|Win32
		{A4A0BAAF-41C4-43E4-AA0B-84942FCFC92A}.Release|x86.Build.0 = Release|Win32
		{0E8E2832-6646-4F49-9FE3-6EC80FD55110}.Debug|x64.ActiveCfg = Debug|x64
		{0E8E2832-6646-4F49-9FE3-6EC80FD55110}.Debug|x64.Build.0 = Debug|x64
		{0E8E2832-6646-4F49-9FE3-6EC80FD55110}.Debug|x86.ActiveCfg = Debug|Win32
		{0E8E2832-6646-4F49-9FE3-6EC80FD55110}.Debug|x86.Build.0 = Debug|Win32
		{0E8E2832-6646-4F49-9FE3-6EC80FD55110}.Release|x64.ActiveCfg = Release|x64
		{0E8E2832-6646-4F49-9FE3-6EC80FD55110}.Release|x64.Build.0 = Release|x64
		{0E8E2832-6646-4F49-9FE3-6EC80FD55110}.Release|x86.ActiveCfg = Release|Win32
		{0E8E2832-6646-4F49-9FE3-6EC80FD55110}.Release|x86.Build.0 = Release|Win32
		{9F644BE2-41F1-491B-98C7-02E9F7A77277}.Debug|x64.ActiveCfg = Debug|x64
		{9F644BE2-41F1-491B-98C7-02E9F7A77277}.Debug|x64.Build.0 = Debug|x64
		{9F644BE2-41F1-491B-98C7-02E9F7A77277}.Debug|x86.ActiveCfg = Debug|Win32
		{9F644BE2-41F1-491B-98C7-02E9F7A77277}.Debug|x86.Build.0 = Debug|Win32
		{9F644BE2-41F1-491B-98C7-02E9F7A77277}.Release|x64.ActiveCfg = Release|x64
		{9F644BE2-41F1-491B-98C7-02E9F7A77277}.Release|x64.Build.0 = Release|x64
		{9F644BE2-41F1-491B-98C7-02E9F7A77277}.Release|x86.ActiveCfg = Release|Win32
		{9F644BE2-41F1-491B-98C7-02E9F7A77277}.Release|x86.Build.0 = Release|Win32
		{844F12AA-ECFE-4E8E-9FFC-ABBF805C79D3}.Debug|x64.ActiveCfg = Debug|x64
		{844F12AA-ECFE-4E8E-9FFC-ABBF805C79D3}.Debug|x64.Build.0 = Debug|x64
		{844F12AA-ECFE-4E8E-9FFC-ABBF805C79D3}.Debug|x86.ActiveCfg = Debug|Win32
		{844F12AA-ECFE-4E8E-9FFC-ABBF805C79D3}.Debug|x86.Build.0 = Debug|Win32
		{844F12AA-ECFE-4E8E-9FFC-ABBF805C79D3}.Release|x64.ActiveCfg = Release|x64
		{844F12AA-ECFE-4E8E-9FFC-ABBF805C79D3}.Release|x64.Build.0 = Release|x64
		{844F12AA-ECFE-4E8E-9FFC-ABBF805C79D3}.Release|x86.ActiveCfg = Release|Win32
		{844F12AA-ECFE-4E8E-9FFC-ABBF805C79D3}.Release|x86.Build.0 = Release|Win32
		{487E87A4-5478-4F88-A37C-375BD204B817}.Debug|x64.ActiveCfg = Debug|x64
		{487E87A4-5478-4F88-A37C-375BD204B817}.Debug|x64.Build.0 = Debug|x64
		{487E87A4-5478-4F88-A37C-375BD204B817}.Debug|x86.ActiveCfg = Debug|Win32
		{487E87A4-5478-4F88-A37C-375BD204B817}.Debug|x86.Build.0 = Debug|Win32
		{487E87A4-5478-4F88-A37C-375BD204B817}.Release|x64.ActiveCfg = Release|x64
		{487E87A4-5478-4F88-A37C-375BD204B817}.Release|x64.Build.0 = Release|x64
		{487E87A4-5478-4F88-A37C-375BD204B817}.Release|x86.ActiveCfg = Release|Win32
		{487E87A4-5478-4F88-A37C-375BD204B817}.Release|x86.Build.0 = Release|Win32
		{6DA5C1F6-AE0E-437C-BD77-B4FB044B94B7}.Debug|x64.ActiveCfg = Debug|x64
		{6DA5C1F6-AE0E-437C-BD77-B4FB044B94B7}.Debug|x64.Build.0 = Debug|x64
		{6DA5C1F6-AE0E-437C-BD77-B4FB044B94B7}.Debug|x86.ActiveCfg = Debug|Win32
		{6DA5C1F6-AE0E-437C-BD77-B4FB044B94B7}.Debug|x86.Build.0 = Debug|Win32
		{6DA5C1F6-AE0E-437C-BD77-B4FB044B94B7}.Release|x64.ActiveCfg = Release|x64
		{6DA5C1F6-AE0E-437C-BD77-B4FB044B94B7}.Release|x64.Build.0 = Release|x64
		{6DA5C1F6-AE0E-437C-BD77-B4FB044B94B7}.Release|x86.ActiveCfg = Release|Win32
		{6DA5C1F6-AE0E-437C-BD77-B4FB044B94B7}.Release|x86.Build.0 = Release|Win32
		{492DB6A0-75D2-40EA-AE2E-BFA2822F2FD5}.Debug|x64.ActiveCfg = Debug|x64
		{492DB6A0-75D2-40EA-AE2E-BFA2822F2FD5}.Debug|x64.Build.0 = Debug|x64
		{492DB6A0-75D2-40EA-AE2E-BFA2822F2FD5}.Debug|x86.ActiveCfg = Debug|Win32
		{492DB6A0-75D2-40EA-AE2E-BFA2822F2FD5}.Debug|x86.Build.0 = Debug|Win32
		{492DB6A0-75D2-40EA-AE2E-BFA2822F2FD5}.Release|x64.ActiveCfg = Release|x64
		{492DB6A0-75D2-40EA-AE2E-BFA2822F2FD5}.Release|x64.Build.0 = Release|x64
		{492DB6A0-75D2-40EA-AE2E-BFA2822F2FD5}.Release|x86.ActiveCfg = Release|Win32
		{492DB6A0-75D2-40EA-AE2E-BFA2822F2FD5}.Release|x86.Build.0 = Release|Win32
		{186B0473-3299-4946-B220-7B6365A3F67B}.Debug|x64.ActiveCfg = Debug|x64
		{186B0473-3299-4946-B220-7B6365A3F67B}.Debug|x64.Build.0 = Debug|x64
		{186B0473-3299-4946-B220-7B6365A3F67B}.Debug|x86.ActiveCfg = Debug|Win32
		{186B0473-3299-4946-B220-7B6365A3F67B}.Debug|x86.Build.0 = Debug|Win32
		{186B0473-3299-4946-B220-7B6365A3F67B}.Release|x64.ActiveCfg = Release|x64
		{186B0473-3299-4946-B220-7B6365A3F67B}.Release|x64.Build.0 = Release|x64
		{186B0473-3299-4946-B220-7B6365A3F67B}.Release|x86.ActiveCfg = Release|Win32
		{186B0473-3299-4946-B220-7B6365A3F67B}.Release|x86.Build.0 = Release|Win32
		{472BED61-9B76-4814-9AA8-0F5CA037D982}.Debug|x64.ActiveCfg = Debug|x64
		{472BED61-9B76-4814-9AA8-0F5CA037D982}.Debug|x64.Build.0 = Debug|x64
		{472BED61-9B76-4814-9AA8-0F5CA037D982}.Debug|x86.ActiveCfg = Debug|Win32
		{472BED61-9B76-4814-9AA8-0F5CA037D982}.Debug|x86.Build.0 = Debug|Win32
		{472BED61-9B76-4814-9AA8-0F5CA037D982}.Release|x64.ActiveCfg = Release|x64
		{472BED61-9B76-4814-9AA8-0F5CA037D982}.Release|x64.Build.0 = Release|x64
		{472BED61-9B76-4814-9AA8-0F5CA037D982}.Release|x86.ActiveCfg = Release|Win32
		{472BED61-9B76-4814-9AA8-0F5CA037D982}.Release|x86.Build.0 = Release|Win32
		{F8FEC3BC-7895-4913-A195-64144E9DE811}.Debug|x64.ActiveCfg = Debug|x64
		{F8FEC3BC-7895-4913-A195-64144E9DE811}.Debug|x64.Build.0 = Debug|x64
		{F8FEC3BC-7895-4913-A195-64144E9DE811}.Debug|x86.ActiveCfg = Debug|Win32
		{F8FEC3BC-7895-4913-A195-64144E9DE811}.Debug|x86.Build.0 = Debug|Win32
		{F8FEC3BC-7895-4913-A195-64144E9DE811}.Release|x64.ActiveCfg = Release|x64
		{F8FEC3BC-7895-4913-A195-64144E9DE811}.Release|x64.Build.0 = Release|x64
		{F8FEC3BC-7895-4913-A195-64144E9DE811}.Release|x86.ActiveCfg = Release|Win32
		{F8FEC3BC-7895-4913-A195-64144E9DE811}.Release|x86.Build.0 = Release|Win32
		{E6ADFB97-91D8-4F36-A558-8E73343B7D85}.Debug|x64.ActiveCfg = Debug|x64
		{E6ADFB97-91D8-4F36-A558-8E73343B7D85}.Debug|x64.Build.0 = Debug|x64
		{E6ADFB97-91D8-4F36-A558-8E73343B7D85}.Debug|x86.ActiveCfg = Debug|Win32
		{E6ADFB97-91D8-4F36-A558-8E73343B7D85}.Debug|x86.Build.0 = Debug|Win32
		{E6ADFB97-91D8-4F36-A558-8E73343B7D85}.Release|x64.ActiveCfg = Release|x64
		{E6ADFB97-91D8-4F36-A558-8E73343B7D85}.Release|x64.Build.0 = Release|x64
		{E6ADFB97-91D8-4F36-A558-8E73343B7D85}.Release|x86.ActiveCfg = Release|Win32
		{E6ADFB97-91D8-4F36-A558-8E73343B7D85}.Release|x86.Build.0 = Release|Win32
		{47A8D84B-88EE-4127-8A4F-21CB90AD3B6D}.Debug|x64.ActiveCfg = Debug|x64
		{47A8D84B-88EE-4127-8A4F-21CB90AD3B6D}.Debug|x64.Build.0 = Debug|x64
		{47A8D84B-88EE-4127-8A4F-21CB90AD3B6D}.Debug|x86.ActiveCfg = Debug|Win32
		{47A8D84B-88EE-4127-8A4F-21CB90AD3B6D}.Debug|x86.Build.0 = Debug|Win32
		{47A8D84B-88EE-4127-8A4F-21CB90AD3B6D}.Release|x64.ActiveCfg = Release|x64
		{47A8D84B-88EE-4127-8A4F-21CB90AD3B6D}.Release|x64.Build.0 = Release|x64
		{47A8D84B-88EE-4127-8A4F-21CB90AD3B6D}.Release|x86.ActiveCfg = Release|Win32
		{47A8D84B-88EE-4127-8A4F-21CB90AD3B6D}.Release|x86.Build.0 = Release|Win32
		{1E9B724C-E6C3-4F26-A1FA-D604A0A706FF}.Debug|x64.ActiveCfg = Debug|x64
		{1E9B724C-E6C3-4F26-A1FA-D604A0A706FF}.Debug|x64.Build.0 = Debug|x64
		{1E9B724C-E6C3-4F26-A1FA-D604A0A706FF}.Debug|x86.ActiveCfg = Debug|Win32
		{1E9B724C-E6C3-4F26-A1FA-D604A0A706FF}.Debug|x86.Build.0 = Debug|Win32
		{1E9B724C-E6C3-4F26-A1FA-D604A0A706FF}.Release|x64.ActiveCfg = Release|x64
		{1E9B724C-E6C3-4F26-A1FA-D604A0A706FF}.Release|x64.Build.0 = Release|x64
		{1E9B724C-E6C3-4F26-A1FA-D604A0A706FF}.Release|x86.ActiveCfg = Release|Win32
		{1E9B724C-E6C3-4F26-A1FA-D604A0A706FF}.Release|x86.Build.0 = Release|Win32
		{63354921-1F82-43DF-9EEC-27B8A36F62AB}.Debug|x64.ActiveCfg = Debug|x64
		{63354921-1F82-43DF-9EEC-27B8A36F62AB}.Debug|x64.Build.0 = Debug|x64
		{63354921-1F82-43DF-9EEC-27B8A36F62AB}.Debug|x86.ActiveCfg = Debug|Win32
		{63354921-1F82-43DF-9EEC-27B8A36F62AB}.Debug|x86.Build.0 = Debug|Win32
		{63354921-1F82-43DF-9EEC-27B8A36F62AB}.Release|x64.ActiveCfg = Release|x64
		{63354921-1F82-43DF-9EEC-27B8A36F62AB}.Release|x64.Build.0 = Release|x64
		{63354921-1F82-43DF-9EEC-27B8A36F62AB}.Release|x86.ActiveCfg = Release|Win32
		{63354921-1F82-43DF-9EEC-27B8A36F62AB}.Release|x86.Build.0 = Release|Win32
		{FFF56595-E719-462D-9759-9DC85F2B4536}.Debug|x64.ActiveCfg = Debug|x64
		{FFF56595-E719-462D-9759-9DC85F2B4536}.Debug|x64.Build.0 = Debug|x64
		{FFF56595-E719-462D-9759-9DC85F2B4536}.Debug|x86.ActiveCfg = Debug|Win32
		{FFF56595-E719-462D-9759-9DC85F2B4536}.Debug|x86.Build.0 = Debug|Win32
		{FFF56595-E719-462D-9759-9DC85F2B4536}.Release|x64.ActiveCfg = Release|x64
		{FFF56595-E719-462D-9759-9DC85F2B4536}.Release|x64.Build.0 = Release|x64
		{FFF56595-E719-462D-9759-9DC85F2B4536}.Release|x86.ActiveCfg = Release|Win32
		{FFF56595-E719-462D-9759-9DC85F2B4536}.Release|x86.Build.0 = Release|Win32
		{201FB546-60C7-48D1-B645-4C0D28D23934}.Debug|x64.ActiveCfg = Debug|x64
		{201FB546-60C7-48D1-B645-4C0D28D23934}.Debug|x64.Build.0 = Debug|x64
		{201FB546-60C7-48D1-B645-4C0D28D23934}.Debug|x86.ActiveCfg = Debug|Win32
		{201FB546-60C7-48D1-B645-4C0D28D23934}.Debug|x86.Build.0 = Debug|Win32
		{201FB546-60C7-48D1-B645-4C0D28D23934}.Release|x64.ActiveCfg = Release|x64
		{201FB546-60C7-48D1-B645-4C0D28D23934}.Release|x64.Build.0 = Release|x64
		{201FB546-60C7-48D1-B645-4C0D28D23934}.Release|x86.ActiveCfg = Release|Win32
		{201FB546-60C7-48D1-B645-4C0D28D23934}.Release|x86.Build.0 = Release|Win32
		{5699DC8F-2E53-425D-846D-41FEAB45FFD1}.Debug|x64.ActiveCfg = Debug|x64
		{5699DC8F-2E53-425D-846D-41FEAB45FFD1}.Debug|x64.Build.0 = Debug|x64
		{5699DC8F-2E53-425D-846D-41FEAB45FFD1}.Debug|x86.ActiveCfg = Debug|Win32
		{5699DC8F-2E53-425D-846D-41FEAB45FFD1}.Debug|x86.Build.0 = Debug|Win32
		{5699DC8F-2E53-425D-846D-41FEAB45FFD1}.Release|x64.ActiveCfg = Release|x64
		{5699DC8F-2E53-425D-846D-41FEAB45FFD1}.Release|x64.Build.0 = Release|x64
		{5699DC8F-2E53-425D-846D-41FEAB45FFD1}.Release|x86.ActiveCfg = Release|Win32
		{5699DC8F-2E53-425D-846D-41FEAB45FFD1}.Release|x86.Build.0 = Release|Win32
	EndGlobalSection
	GlobalSection(SolutionProperties) = preSolution
		HideSolutionNode = FALSE
	EndGlobalSection
	GlobalSection(ExtensibilityGlobals) = postSolution
		SolutionGuid = {9ECF08E7-2C9D-49B3-B958-D3D0BFE05A41}
	EndGlobalSection
EndGlobal
